<?xml version="1.0" encoding="utf-8"?>
<Project ToolsVersion="4.0" xmlns="http://schemas.microsoft.com/developer/msbuild/2003">
  <ItemGroup>
    <Filter Include="Resource Files">
      <UniqueIdentifier>{D9D6E242-F8AF-46E4-B9FD-80ECBC20BA3E}</UniqueIdentifier>
      <Extensions>qrc;*</Extensions>
      <ParseFiles>false</ParseFiles>
    </Filter>
    <Filter Include="Source Files">
      <UniqueIdentifier>{3cf7da06-b927-4c56-aeca-d9443d2acb91}</UniqueIdentifier>
    </Filter>
    <Filter Include="Generated Files">
      <UniqueIdentifier>{71ED8ED8-ACB9-4CE9-BBE1-E00B30144E11}</UniqueIdentifier>
      <Extensions>moc;h;cpp</Extensions>
      <ParseFiles>true</ParseFiles>
    </Filter>
    <Filter Include="Generated Files\Debug">
      <UniqueIdentifier>{fbb9743f-50ba-45f4-80db-e2552b610ed9}</UniqueIdentifier>
      <Extensions>cpp;moc</Extensions>
      <SourceControlFiles>False</SourceControlFiles>
    </Filter>
    <Filter Include="Generated Files\Release">
      <UniqueIdentifier>{cbb56179-86ac-4626-a23b-ed873e04c606}</UniqueIdentifier>
      <Extensions>cpp;moc</Extensions>
      <SourceControlFiles>False</SourceControlFiles>
    </Filter>
    <Filter Include="Header Files">
      <UniqueIdentifier>{a8de64a2-5f01-4711-b372-05d88abb1974}</UniqueIdentifier>
    </Filter>
  </ItemGroup>
  <ItemGroup>
    <ClCompile Include="bitcoinqt.cpp">
      <Filter>Source Files</Filter>
    </ClCompile>
    <ClCompile Include="addressbookpage.cpp">
      <Filter>Source Files</Filter>
    </ClCompile>
    <ClCompile Include="addresstablemodel.cpp">
      <Filter>Source Files</Filter>
    </ClCompile>
    <ClCompile Include="askpassphrasedialog.cpp">
      <Filter>Source Files</Filter>
    </ClCompile>
    <ClCompile Include="bantablemodel.cpp">
      <Filter>Source Files</Filter>
    </ClCompile>
    <ClCompile Include="bitcoinaddressvalidator.cpp">
      <Filter>Source Files</Filter>
    </ClCompile>
    <ClCompile Include="bitcoingui.cpp">
      <Filter>Source Files</Filter>
    </ClCompile>
    <ClCompile Include="bitcoinstrings.cpp">
      <Filter>Source Files</Filter>
    </ClCompile>
    <ClCompile Include="bitcoinunits.cpp">
      <Filter>Source Files</Filter>
    </ClCompile>
    <ClCompile Include="clientmodel.cpp">
      <Filter>Source Files</Filter>
    </ClCompile>
    <ClCompile Include="coincontroldialog.cpp">
      <Filter>Source Files</Filter>
    </ClCompile>
    <ClCompile Include="coincontroltreewidget.cpp">
      <Filter>Source Files</Filter>
    </ClCompile>
    <ClCompile Include="csvmodelwriter.cpp">
      <Filter>Source Files</Filter>
    </ClCompile>
    <ClCompile Include="editaddressdialog.cpp">
      <Filter>Source Files</Filter>
    </ClCompile>
    <ClCompile Include="guiutil.cpp">
      <Filter>Source Files</Filter>
    </ClCompile>
    <ClCompile Include="modaloverlay.cpp">
      <Filter>Source Files</Filter>
    </ClCompile>
    <ClCompile Include="networkstyle.cpp">
      <Filter>Source Files</Filter>
    </ClCompile>
    <ClCompile Include="notificator.cpp">
      <Filter>Source Files</Filter>
    </ClCompile>
    <ClCompile Include="openuridialog.cpp">
      <Filter>Source Files</Filter>
    </ClCompile>
    <ClCompile Include="optionsdialog.cpp">
      <Filter>Source Files</Filter>
    </ClCompile>
    <ClCompile Include="optionsmodel.cpp">
      <Filter>Source Files</Filter>
    </ClCompile>
    <ClCompile Include="paymentrequestplus.cpp">
      <Filter>Source Files</Filter>
    </ClCompile>
    <ClCompile Include="paymentserver.cpp">
      <Filter>Source Files</Filter>
    </ClCompile>
    <ClCompile Include="peertablemodel.cpp">
      <Filter>Source Files</Filter>
    </ClCompile>
    <ClCompile Include="platformstyle.cpp">
      <Filter>Source Files</Filter>
    </ClCompile>
    <ClCompile Include="qvalidatedlineedit.cpp">
      <Filter>Source Files</Filter>
    </ClCompile>
    <ClCompile Include="qvaluecombobox.cpp">
      <Filter>Source Files</Filter>
    </ClCompile>
    <ClCompile Include="receivecoinsdialog.cpp">
      <Filter>Source Files</Filter>
    </ClCompile>
    <ClCompile Include="receiverequestdialog.cpp">
      <Filter>Source Files</Filter>
    </ClCompile>
    <ClCompile Include="recentrequeststablemodel.cpp">
      <Filter>Source Files</Filter>
    </ClCompile>
    <ClCompile Include="sendcoinsdialog.cpp">
      <Filter>Source Files</Filter>
    </ClCompile>
    <ClCompile Include="sendcoinsentry.cpp">
      <Filter>Source Files</Filter>
    </ClCompile>
    <ClCompile Include="signverifymessagedialog.cpp">
      <Filter>Source Files</Filter>
    </ClCompile>
    <ClCompile Include="splashscreen.cpp">
      <Filter>Source Files</Filter>
    </ClCompile>
    <ClCompile Include="trafficgraphwidget.cpp">
      <Filter>Source Files</Filter>
    </ClCompile>
    <ClCompile Include="transactiondesc.cpp">
      <Filter>Source Files</Filter>
    </ClCompile>
    <ClCompile Include="transactiondescdialog.cpp">
      <Filter>Source Files</Filter>
    </ClCompile>
    <ClCompile Include="transactionfilterproxy.cpp">
      <Filter>Source Files</Filter>
    </ClCompile>
    <ClCompile Include="transactionrecord.cpp">
      <Filter>Source Files</Filter>
    </ClCompile>
    <ClCompile Include="transactiontablemodel.cpp">
      <Filter>Source Files</Filter>
    </ClCompile>
    <ClCompile Include="transactionview.cpp">
      <Filter>Source Files</Filter>
    </ClCompile>
    <ClCompile Include="utilitydialog.cpp">
      <Filter>Source Files</Filter>
    </ClCompile>
    <ClCompile Include="walletframe.cpp">
      <Filter>Source Files</Filter>
    </ClCompile>
    <ClCompile Include="walletmodel.cpp">
      <Filter>Source Files</Filter>
    </ClCompile>
    <ClCompile Include="walletmodeltransaction.cpp">
      <Filter>Source Files</Filter>
    </ClCompile>
    <ClCompile Include="walletview.cpp">
      <Filter>Source Files</Filter>
    </ClCompile>
    <ClCompile Include="winshutdownmonitor.cpp">
      <Filter>Source Files</Filter>
    </ClCompile>
    <ClCompile Include="GeneratedFiles\Debug\moc_addressbookpage.cpp">
      <Filter>Generated Files\Debug</Filter>
    </ClCompile>
    <ClCompile Include="GeneratedFiles\Release\moc_addressbookpage.cpp">
      <Filter>Generated Files\Release</Filter>
    </ClCompile>
    <ClCompile Include="GeneratedFiles\Debug\moc_addresstablemodel.cpp">
      <Filter>Generated Files\Debug</Filter>
    </ClCompile>
    <ClCompile Include="GeneratedFiles\Release\moc_addresstablemodel.cpp">
      <Filter>Generated Files\Release</Filter>
    </ClCompile>
    <ClCompile Include="GeneratedFiles\Debug\moc_askpassphrasedialog.cpp">
      <Filter>Generated Files\Debug</Filter>
    </ClCompile>
    <ClCompile Include="GeneratedFiles\Release\moc_askpassphrasedialog.cpp">
      <Filter>Generated Files\Release</Filter>
    </ClCompile>
    <ClCompile Include="GeneratedFiles\Debug\moc_bantablemodel.cpp">
      <Filter>Generated Files\Debug</Filter>
    </ClCompile>
    <ClCompile Include="GeneratedFiles\Release\moc_bantablemodel.cpp">
      <Filter>Generated Files\Release</Filter>
    </ClCompile>
    <ClCompile Include="GeneratedFiles\Debug\moc_bitcoinaddressvalidator.cpp">
      <Filter>Generated Files\Debug</Filter>
    </ClCompile>
    <ClCompile Include="GeneratedFiles\Release\moc_bitcoinaddressvalidator.cpp">
      <Filter>Generated Files\Release</Filter>
    </ClCompile>
    <ClCompile Include="GeneratedFiles\Debug\moc_bitcoinamountfield.cpp">
      <Filter>Generated Files\Debug</Filter>
    </ClCompile>
    <ClCompile Include="GeneratedFiles\Release\moc_bitcoinamountfield.cpp">
      <Filter>Generated Files\Release</Filter>
    </ClCompile>
    <ClCompile Include="GeneratedFiles\Debug\moc_bitcoingui.cpp">
      <Filter>Generated Files\Debug</Filter>
    </ClCompile>
    <ClCompile Include="GeneratedFiles\Release\moc_bitcoingui.cpp">
      <Filter>Generated Files\Release</Filter>
    </ClCompile>
    <ClCompile Include="GeneratedFiles\Debug\moc_bitcoinunits.cpp">
      <Filter>Generated Files\Debug</Filter>
    </ClCompile>
    <ClCompile Include="GeneratedFiles\Release\moc_bitcoinunits.cpp">
      <Filter>Generated Files\Release</Filter>
    </ClCompile>
    <ClCompile Include="GeneratedFiles\Debug\moc_callback.cpp">
      <Filter>Generated Files\Debug</Filter>
    </ClCompile>
    <ClCompile Include="GeneratedFiles\Release\moc_callback.cpp">
      <Filter>Generated Files\Release</Filter>
    </ClCompile>
    <ClCompile Include="GeneratedFiles\Debug\moc_clientmodel.cpp">
      <Filter>Generated Files\Debug</Filter>
    </ClCompile>
    <ClCompile Include="GeneratedFiles\Release\moc_clientmodel.cpp">
      <Filter>Generated Files\Release</Filter>
    </ClCompile>
    <ClCompile Include="GeneratedFiles\Debug\moc_coincontroldialog.cpp">
      <Filter>Generated Files\Debug</Filter>
    </ClCompile>
    <ClCompile Include="GeneratedFiles\Release\moc_coincontroldialog.cpp">
      <Filter>Generated Files\Release</Filter>
    </ClCompile>
    <ClCompile Include="GeneratedFiles\Debug\moc_coincontroltreewidget.cpp">
      <Filter>Generated Files\Debug</Filter>
    </ClCompile>
    <ClCompile Include="GeneratedFiles\Release\moc_coincontroltreewidget.cpp">
      <Filter>Generated Files\Release</Filter>
    </ClCompile>
    <ClCompile Include="GeneratedFiles\Debug\moc_csvmodelwriter.cpp">
      <Filter>Generated Files\Debug</Filter>
    </ClCompile>
    <ClCompile Include="GeneratedFiles\Release\moc_csvmodelwriter.cpp">
      <Filter>Generated Files\Release</Filter>
    </ClCompile>
    <ClCompile Include="GeneratedFiles\Debug\moc_editaddressdialog.cpp">
      <Filter>Generated Files\Debug</Filter>
    </ClCompile>
    <ClCompile Include="GeneratedFiles\Release\moc_editaddressdialog.cpp">
      <Filter>Generated Files\Release</Filter>
    </ClCompile>
    <ClCompile Include="GeneratedFiles\Debug\moc_guiutil.cpp">
      <Filter>Generated Files\Debug</Filter>
    </ClCompile>
    <ClCompile Include="GeneratedFiles\Release\moc_guiutil.cpp">
      <Filter>Generated Files\Release</Filter>
    </ClCompile>
    <ClCompile Include="GeneratedFiles\Debug\moc_intro.cpp">
      <Filter>Generated Files\Debug</Filter>
    </ClCompile>
    <ClCompile Include="GeneratedFiles\Release\moc_intro.cpp">
      <Filter>Generated Files\Release</Filter>
    </ClCompile>
    <ClCompile Include="GeneratedFiles\Debug\moc_macdockiconhandler.cpp">
      <Filter>Generated Files\Debug</Filter>
    </ClCompile>
    <ClCompile Include="GeneratedFiles\Release\moc_macdockiconhandler.cpp">
      <Filter>Generated Files\Release</Filter>
    </ClCompile>
    <ClCompile Include="GeneratedFiles\Debug\moc_macnotificationhandler.cpp">
      <Filter>Generated Files\Debug</Filter>
    </ClCompile>
    <ClCompile Include="GeneratedFiles\Release\moc_macnotificationhandler.cpp">
      <Filter>Generated Files\Release</Filter>
    </ClCompile>
    <ClCompile Include="GeneratedFiles\Debug\moc_modaloverlay.cpp">
      <Filter>Generated Files\Debug</Filter>
    </ClCompile>
    <ClCompile Include="GeneratedFiles\Release\moc_modaloverlay.cpp">
      <Filter>Generated Files\Release</Filter>
    </ClCompile>
    <ClCompile Include="GeneratedFiles\Debug\moc_notificator.cpp">
      <Filter>Generated Files\Debug</Filter>
    </ClCompile>
    <ClCompile Include="GeneratedFiles\Release\moc_notificator.cpp">
      <Filter>Generated Files\Release</Filter>
    </ClCompile>
    <ClCompile Include="GeneratedFiles\Debug\moc_openuridialog.cpp">
      <Filter>Generated Files\Debug</Filter>
    </ClCompile>
    <ClCompile Include="GeneratedFiles\Release\moc_openuridialog.cpp">
      <Filter>Generated Files\Release</Filter>
    </ClCompile>
    <ClCompile Include="GeneratedFiles\Debug\moc_optionsdialog.cpp">
      <Filter>Generated Files\Debug</Filter>
    </ClCompile>
    <ClCompile Include="GeneratedFiles\Release\moc_optionsdialog.cpp">
      <Filter>Generated Files\Release</Filter>
    </ClCompile>
    <ClCompile Include="GeneratedFiles\Debug\moc_optionsmodel.cpp">
      <Filter>Generated Files\Debug</Filter>
    </ClCompile>
    <ClCompile Include="GeneratedFiles\Release\moc_optionsmodel.cpp">
      <Filter>Generated Files\Release</Filter>
    </ClCompile>
    <ClCompile Include="GeneratedFiles\Debug\moc_overviewpage.cpp">
      <Filter>Generated Files\Debug</Filter>
    </ClCompile>
    <ClCompile Include="GeneratedFiles\Release\moc_overviewpage.cpp">
      <Filter>Generated Files\Release</Filter>
    </ClCompile>
    <ClCompile Include="GeneratedFiles\Debug\moc_paymentserver.cpp">
      <Filter>Generated Files\Debug</Filter>
    </ClCompile>
    <ClCompile Include="GeneratedFiles\Release\moc_paymentserver.cpp">
      <Filter>Generated Files\Release</Filter>
    </ClCompile>
    <ClCompile Include="GeneratedFiles\Debug\moc_peertablemodel.cpp">
      <Filter>Generated Files\Debug</Filter>
    </ClCompile>
    <ClCompile Include="GeneratedFiles\Release\moc_peertablemodel.cpp">
      <Filter>Generated Files\Release</Filter>
    </ClCompile>
    <ClCompile Include="GeneratedFiles\Debug\moc_qvalidatedlineedit.cpp">
      <Filter>Generated Files\Debug</Filter>
    </ClCompile>
    <ClCompile Include="GeneratedFiles\Release\moc_qvalidatedlineedit.cpp">
      <Filter>Generated Files\Release</Filter>
    </ClCompile>
    <ClCompile Include="GeneratedFiles\Debug\moc_qvaluecombobox.cpp">
      <Filter>Generated Files\Debug</Filter>
    </ClCompile>
    <ClCompile Include="GeneratedFiles\Release\moc_qvaluecombobox.cpp">
      <Filter>Generated Files\Release</Filter>
    </ClCompile>
    <ClCompile Include="GeneratedFiles\Debug\moc_receivecoinsdialog.cpp">
      <Filter>Generated Files\Debug</Filter>
    </ClCompile>
    <ClCompile Include="GeneratedFiles\Release\moc_receivecoinsdialog.cpp">
      <Filter>Generated Files\Release</Filter>
    </ClCompile>
    <ClCompile Include="GeneratedFiles\Debug\moc_receiverequestdialog.cpp">
      <Filter>Generated Files\Debug</Filter>
    </ClCompile>
    <ClCompile Include="GeneratedFiles\Release\moc_receiverequestdialog.cpp">
      <Filter>Generated Files\Release</Filter>
    </ClCompile>
    <ClCompile Include="GeneratedFiles\Debug\moc_recentrequeststablemodel.cpp">
      <Filter>Generated Files\Debug</Filter>
    </ClCompile>
    <ClCompile Include="GeneratedFiles\Release\moc_recentrequeststablemodel.cpp">
      <Filter>Generated Files\Release</Filter>
    </ClCompile>
    <ClCompile Include="GeneratedFiles\Debug\moc_rpcconsole.cpp">
      <Filter>Generated Files\Debug</Filter>
    </ClCompile>
    <ClCompile Include="GeneratedFiles\Release\moc_rpcconsole.cpp">
      <Filter>Generated Files\Release</Filter>
    </ClCompile>
    <ClCompile Include="GeneratedFiles\Debug\moc_sendcoinsdialog.cpp">
      <Filter>Generated Files\Debug</Filter>
    </ClCompile>
    <ClCompile Include="GeneratedFiles\Release\moc_sendcoinsdialog.cpp">
      <Filter>Generated Files\Release</Filter>
    </ClCompile>
    <ClCompile Include="GeneratedFiles\Debug\moc_sendcoinsentry.cpp">
      <Filter>Generated Files\Debug</Filter>
    </ClCompile>
    <ClCompile Include="GeneratedFiles\Release\moc_sendcoinsentry.cpp">
      <Filter>Generated Files\Release</Filter>
    </ClCompile>
    <ClCompile Include="GeneratedFiles\Debug\moc_signverifymessagedialog.cpp">
      <Filter>Generated Files\Debug</Filter>
    </ClCompile>
    <ClCompile Include="GeneratedFiles\Release\moc_signverifymessagedialog.cpp">
      <Filter>Generated Files\Release</Filter>
    </ClCompile>
    <ClCompile Include="GeneratedFiles\Debug\moc_splashscreen.cpp">
      <Filter>Generated Files\Debug</Filter>
    </ClCompile>
    <ClCompile Include="GeneratedFiles\Release\moc_splashscreen.cpp">
      <Filter>Generated Files\Release</Filter>
    </ClCompile>
    <ClCompile Include="GeneratedFiles\Debug\moc_trafficgraphwidget.cpp">
      <Filter>Generated Files\Debug</Filter>
    </ClCompile>
    <ClCompile Include="GeneratedFiles\Release\moc_trafficgraphwidget.cpp">
      <Filter>Generated Files\Release</Filter>
    </ClCompile>
    <ClCompile Include="GeneratedFiles\Debug\moc_transactiondesc.cpp">
      <Filter>Generated Files\Debug</Filter>
    </ClCompile>
    <ClCompile Include="GeneratedFiles\Release\moc_transactiondesc.cpp">
      <Filter>Generated Files\Release</Filter>
    </ClCompile>
    <ClCompile Include="GeneratedFiles\Debug\moc_transactiondescdialog.cpp">
      <Filter>Generated Files\Debug</Filter>
    </ClCompile>
    <ClCompile Include="GeneratedFiles\Release\moc_transactiondescdialog.cpp">
      <Filter>Generated Files\Release</Filter>
    </ClCompile>
    <ClCompile Include="GeneratedFiles\Debug\moc_transactionfilterproxy.cpp">
      <Filter>Generated Files\Debug</Filter>
    </ClCompile>
    <ClCompile Include="GeneratedFiles\Release\moc_transactionfilterproxy.cpp">
      <Filter>Generated Files\Release</Filter>
    </ClCompile>
    <ClCompile Include="GeneratedFiles\Debug\moc_transactiontablemodel.cpp">
      <Filter>Generated Files\Debug</Filter>
    </ClCompile>
    <ClCompile Include="GeneratedFiles\Release\moc_transactiontablemodel.cpp">
      <Filter>Generated Files\Release</Filter>
    </ClCompile>
    <ClCompile Include="GeneratedFiles\Debug\moc_transactionview.cpp">
      <Filter>Generated Files\Debug</Filter>
    </ClCompile>
    <ClCompile Include="GeneratedFiles\Release\moc_transactionview.cpp">
      <Filter>Generated Files\Release</Filter>
    </ClCompile>
    <ClCompile Include="GeneratedFiles\Debug\moc_utilitydialog.cpp">
      <Filter>Generated Files\Debug</Filter>
    </ClCompile>
    <ClCompile Include="GeneratedFiles\Release\moc_utilitydialog.cpp">
      <Filter>Generated Files\Release</Filter>
    </ClCompile>
    <ClCompile Include="GeneratedFiles\Debug\moc_walletframe.cpp">
      <Filter>Generated Files\Debug</Filter>
    </ClCompile>
    <ClCompile Include="GeneratedFiles\Release\moc_walletframe.cpp">
      <Filter>Generated Files\Release</Filter>
    </ClCompile>
    <ClCompile Include="GeneratedFiles\Debug\moc_walletmodel.cpp">
      <Filter>Generated Files\Debug</Filter>
    </ClCompile>
    <ClCompile Include="GeneratedFiles\Release\moc_walletmodel.cpp">
      <Filter>Generated Files\Release</Filter>
    </ClCompile>
    <ClCompile Include="GeneratedFiles\Debug\moc_walletview.cpp">
      <Filter>Generated Files\Debug</Filter>
    </ClCompile>
    <ClCompile Include="GeneratedFiles\Release\moc_walletview.cpp">
      <Filter>Generated Files\Release</Filter>
    </ClCompile>
  </ItemGroup>
  <ItemGroup>
    <CustomBuild Include="bitcoin.cpp">
      <Filter>Source Files</Filter>
    </CustomBuild>
    <CustomBuild Include="GeneratedFiles\Debug\bitcoin.moc">
      <Filter>Generated Files\Debug</Filter>
    </CustomBuild>
    <CustomBuild Include="GeneratedFiles\Release\bitcoin.moc">
      <Filter>Generated Files\Release</Filter>
    </CustomBuild>
    <CustomBuild Include="bitcoinamountfield.cpp">
      <Filter>Source Files</Filter>
    </CustomBuild>
    <CustomBuild Include="GeneratedFiles\Debug\bitcoinamountfield.moc">
      <Filter>Generated Files\Debug</Filter>
    </CustomBuild>
    <CustomBuild Include="GeneratedFiles\Release\bitcoinamountfield.moc">
      <Filter>Generated Files\Release</Filter>
    </CustomBuild>
    <CustomBuild Include="intro.cpp">
      <Filter>Source Files</Filter>
    </CustomBuild>
    <CustomBuild Include="GeneratedFiles\Debug\intro.moc">
      <Filter>Generated Files\Debug</Filter>
    </CustomBuild>
    <CustomBuild Include="GeneratedFiles\Release\intro.moc">
      <Filter>Generated Files\Release</Filter>
    </CustomBuild>
    <CustomBuild Include="overviewpage.cpp">
      <Filter>Source Files</Filter>
    </CustomBuild>
    <CustomBuild Include="GeneratedFiles\Debug\overviewpage.moc">
      <Filter>Generated Files\Debug</Filter>
    </CustomBuild>
    <CustomBuild Include="GeneratedFiles\Release\overviewpage.moc">
      <Filter>Generated Files\Release</Filter>
    </CustomBuild>
    <CustomBuild Include="rpcconsole.cpp">
      <Filter>Source Files</Filter>
    </CustomBuild>
    <CustomBuild Include="GeneratedFiles\Debug\rpcconsole.moc">
      <Filter>Generated Files\Debug</Filter>
    </CustomBuild>
    <CustomBuild Include="GeneratedFiles\Release\rpcconsole.moc">
      <Filter>Generated Files\Release</Filter>
    </CustomBuild>
    <CustomBuild Include="bitcoinqt.h">
      <Filter>Header Files</Filter>
    </CustomBuild>
    <CustomBuild Include="addressbookpage.h">
      <Filter>Header Files</Filter>
    </CustomBuild>
    <CustomBuild Include="addresstablemodel.h">
      <Filter>Header Files</Filter>
    </CustomBuild>
    <CustomBuild Include="askpassphrasedialog.h">
      <Filter>Header Files</Filter>
    </CustomBuild>
    <CustomBuild Include="bantablemodel.h">
      <Filter>Header Files</Filter>
    </CustomBuild>
    <CustomBuild Include="bitcoinaddressvalidator.h">
      <Filter>Header Files</Filter>
    </CustomBuild>
    <CustomBuild Include="bitcoinamountfield.h">
      <Filter>Header Files</Filter>
    </CustomBuild>
    <CustomBuild Include="bitcoingui.h">
      <Filter>Header Files</Filter>
    </CustomBuild>
    <CustomBuild Include="bitcoinunits.h">
      <Filter>Header Files</Filter>
    </CustomBuild>
    <CustomBuild Include="callback.h">
      <Filter>Header Files</Filter>
    </CustomBuild>
    <CustomBuild Include="clientmodel.h">
      <Filter>Header Files</Filter>
    </CustomBuild>
    <CustomBuild Include="coincontroldialog.h">
      <Filter>Header Files</Filter>
    </CustomBuild>
    <CustomBuild Include="coincontroltreewidget.h">
      <Filter>Header Files</Filter>
    </CustomBuild>
    <CustomBuild Include="csvmodelwriter.h">
      <Filter>Header Files</Filter>
    </CustomBuild>
    <CustomBuild Include="editaddressdialog.h">
      <Filter>Header Files</Filter>
    </CustomBuild>
    <CustomBuild Include="guiutil.h">
      <Filter>Header Files</Filter>
    </CustomBuild>
    <CustomBuild Include="intro.h">
      <Filter>Header Files</Filter>
    </CustomBuild>
    <CustomBuild Include="macdockiconhandler.h">
      <Filter>Header Files</Filter>
    </CustomBuild>
    <CustomBuild Include="macnotificationhandler.h">
      <Filter>Header Files</Filter>
    </CustomBuild>
    <CustomBuild Include="modaloverlay.h">
      <Filter>Header Files</Filter>
    </CustomBuild>
    <CustomBuild Include="notificator.h">
      <Filter>Header Files</Filter>
    </CustomBuild>
    <CustomBuild Include="openuridialog.h">
      <Filter>Header Files</Filter>
    </CustomBuild>
    <CustomBuild Include="optionsdialog.h">
      <Filter>Header Files</Filter>
    </CustomBuild>
    <CustomBuild Include="optionsmodel.h">
      <Filter>Header Files</Filter>
    </CustomBuild>
    <CustomBuild Include="overviewpage.h">
      <Filter>Header Files</Filter>
    </CustomBuild>
    <CustomBuild Include="paymentserver.h">
      <Filter>Header Files</Filter>
    </CustomBuild>
    <CustomBuild Include="peertablemodel.h">
      <Filter>Header Files</Filter>
    </CustomBuild>
    <CustomBuild Include="qvalidatedlineedit.h">
      <Filter>Header Files</Filter>
    </CustomBuild>
    <CustomBuild Include="qvaluecombobox.h">
      <Filter>Header Files</Filter>
    </CustomBuild>
    <CustomBuild Include="receivecoinsdialog.h">
      <Filter>Header Files</Filter>
    </CustomBuild>
    <CustomBuild Include="receiverequestdialog.h">
      <Filter>Header Files</Filter>
    </CustomBuild>
    <CustomBuild Include="recentrequeststablemodel.h">
      <Filter>Header Files</Filter>
    </CustomBuild>
    <CustomBuild Include="rpcconsole.h">
      <Filter>Header Files</Filter>
    </CustomBuild>
    <CustomBuild Include="sendcoinsdialog.h">
      <Filter>Header Files</Filter>
    </CustomBuild>
    <CustomBuild Include="sendcoinsentry.h">
      <Filter>Header Files</Filter>
    </CustomBuild>
    <CustomBuild Include="signverifymessagedialog.h">
      <Filter>Header Files</Filter>
    </CustomBuild>
    <CustomBuild Include="splashscreen.h">
      <Filter>Header Files</Filter>
    </CustomBuild>
    <CustomBuild Include="trafficgraphwidget.h">
      <Filter>Header Files</Filter>
    </CustomBuild>
    <CustomBuild Include="transactiondesc.h">
      <Filter>Header Files</Filter>
    </CustomBuild>
    <CustomBuild Include="transactiondescdialog.h">
      <Filter>Header Files</Filter>
    </CustomBuild>
    <CustomBuild Include="transactionfilterproxy.h">
      <Filter>Header Files</Filter>
    </CustomBuild>
    <CustomBuild Include="transactiontablemodel.h">
      <Filter>Header Files</Filter>
    </CustomBuild>
    <CustomBuild Include="transactionview.h">
      <Filter>Header Files</Filter>
    </CustomBuild>
    <CustomBuild Include="utilitydialog.h">
      <Filter>Header Files</Filter>
    </CustomBuild>
    <CustomBuild Include="walletframe.h">
      <Filter>Header Files</Filter>
    </CustomBuild>
    <CustomBuild Include="walletmodel.h">
      <Filter>Header Files</Filter>
    </CustomBuild>
    <CustomBuild Include="walletview.h">
      <Filter>Header Files</Filter>
    </CustomBuild>
  </ItemGroup>
  <ItemGroup>
    <ClInclude Include="guiconstants.h">
      <Filter>Header Files</Filter>
    </ClInclude>
    <ClInclude Include="networkstyle.h">
      <Filter>Header Files</Filter>
    </ClInclude>
    <ClInclude Include="paymentrequestplus.h">
      <Filter>Header Files</Filter>
    </ClInclude>
    <ClInclude Include="platformstyle.h">
      <Filter>Header Files</Filter>
    </ClInclude>
    <ClInclude Include="transactionrecord.h">
      <Filter>Header Files</Filter>
    </ClInclude>
    <ClInclude Include="walletmodeltransaction.h">
      <Filter>Header Files</Filter>
    </ClInclude>
    <ClInclude Include="winshutdownmonitor.h">
      <Filter>Header Files</Filter>
    </ClInclude>
  </ItemGroup>
</Project>